
Microsoft Visual Studio Solution File, Format Version 12.00
# Visual Studio Version 17
VisualStudioVersion = 17.3.32929.385
MinimumVisualStudioVersion = 10.0.40219.1
Project("{FAE04EC0-301F-11D3-BF4B-00C04F79EFBC}") = "TestTask", "TestTask\TestTask.csproj", "{33A1EF62-2640-459A-AFBC-6C7085B6FD52}"
EndProject
Project("{FAE04EC0-301F-11D3-BF4B-00C04F79EFBC}") = "DataImporter", "DataImporter\DataImporter.csproj", "{EF360CBA-A9CB-4355-BCD7-E957F81AF91E}"
EndProject
Project("{FAE04EC0-301F-11D3-BF4B-00C04F79EFBC}") = "DataExporter", "DataExporter\DataExporter.csproj", "{23C6EA8A-08F2-45A0-9F72-AEFAC008E133}"
EndProject
Project("{FAE04EC0-301F-11D3-BF4B-00C04F79EFBC}") = "Persistence", "Persistence\Persistence.csproj", "{96ABC01A-FD2A-4EDC-9999-67ED9A0914DD}"
EndProject
Project("{FAE04EC0-301F-11D3-BF4B-00C04F79EFBC}") = "PersistenceContracts", "PersistenceContracts\PersistenceContracts.csproj", "{CDFF40C4-1EC6-4E6C-906A-7E970E6AA376}"
EndProject
Global
	GlobalSection(SolutionConfigurationPlatforms) = preSolution
		Debug|Any CPU = Debug|Any CPU
		Release|Any CPU = Release|Any CPU
	EndGlobalSection
	GlobalSection(ProjectConfigurationPlatforms) = postSolution
		{33A1EF62-2640-459A-AFBC-6C7085B6FD52}.Debug|Any CPU.ActiveCfg = Debug|Any CPU
		{33A1EF62-2640-459A-AFBC-6C7085B6FD52}.Debug|Any CPU.Build.0 = Debug|Any CPU
		{33A1EF62-2640-459A-AFBC-6C7085B6FD52}.Release|Any CPU.ActiveCfg = Release|Any CPU
		{33A1EF62-2640-459A-AFBC-6C7085B6FD52}.Release|Any CPU.Build.0 = Release|Any CPU
		{EF360CBA-A9CB-4355-BCD7-E957F81AF91E}.Debug|Any CPU.ActiveCfg = Debug|Any CPU
		{EF360CBA-A9CB-4355-BCD7-E957F81AF91E}.Debug|Any CPU.Build.0 = Debug|Any CPU
		{EF360CBA-A9CB-4355-BCD7-E957F81AF91E}.Release|Any CPU.ActiveCfg = Release|Any CPU
		{EF360CBA-A9CB-4355-BCD7-E957F81AF91E}.Release|Any CPU.Build.0 = Release|Any CPU
		{23C6EA8A-08F2-45A0-9F72-AEFAC008E133}.Debug|Any CPU.ActiveCfg = Debug|Any CPU
		{23C6EA8A-08F2-45A0-9F72-AEFAC008E133}.Debug|Any CPU.Build.0 = Debug|Any CPU
		{23C6EA8A-08F2-45A0-9F72-AEFAC008E133}.Release|Any CPU.ActiveCfg = Release|Any CPU
		{23C6EA8A-08F2-45A0-9F72-AEFAC008E133}.Release|Any CPU.Build.0 = Release|Any CPU
		{96ABC01A-FD2A-4EDC-9999-67ED9A0914DD}.Debug|Any CPU.ActiveCfg = Debug|Any CPU
		{96ABC01A-FD2A-4EDC-9999-67ED9A0914DD}.Debug|Any CPU.Build.0 = Debug|Any CPU
		{96ABC01A-FD2A-4EDC-9999-67ED9A0914DD}.Release|Any CPU.ActiveCfg = Release|Any CPU
		{96ABC01A-FD2A-4EDC-9999-67ED9A0914DD}.Release|Any CPU.Build.0 = Release|Any CPU
		{CDFF40C4-1EC6-4E6C-906A-7E970E6AA376}.Debug|Any CPU.ActiveCfg = Debug|Any CPU
		{CDFF40C4-1EC6-4E6C-906A-7E970E6AA376}.Debug|Any CPU.Build.0 = Debug|Any CPU
		{CDFF40C4-1EC6-4E6C-906A-7E970E6AA376}.Release|Any CPU.ActiveCfg = Release|Any CPU
		{CDFF40C4-1EC6-4E6C-906A-7E970E6AA376}.Release|Any CPU.Build.0 = Release|Any CPU
	EndGlobalSection
	GlobalSection(SolutionProperties) = preSolution
		HideSolutionNode = FALSE
	EndGlobalSection
	GlobalSection(ExtensibilityGlobals) = postSolution
		SolutionGuid = {A3674956-CD7D-4950-9B98-1068729D4F14}
	EndGlobalSection
EndGlobal
